
Microsoft Visual Studio Solution File, Format Version 12.00
# Visual Studio Version 17
VisualStudioVersion = 17.0.31903.59
MinimumVisualStudioVersion = 10.0.40219.1
Project("{2150E333-8FDC-42A3-9474-1A3956D46DE8}") = "src", "src", "{827E0CD3-B72D-47B6-A68D-7590B98EB39B}"
EndProject
Project("{FAE04EC0-301F-11D3-BF4B-00C04F79EFBC}") = "Hart.MCP.Core", "src\Hart.MCP.Core\Hart.MCP.Core.csproj", "{1AAA583D-73FC-46E8-A3C9-F2315427751B}"
EndProject
Project("{FAE04EC0-301F-11D3-BF4B-00C04F79EFBC}") = "Hart.MCP.Shared", "src\Hart.MCP.Shared\Hart.MCP.Shared.csproj", "{687EC4A6-1C1E-46D9-AF8D-2D8821BEB68D}"
EndProject
Project("{FAE04EC0-301F-11D3-BF4B-00C04F79EFBC}") = "Hart.MCP.Api", "src\Hart.MCP.Api\Hart.MCP.Api.csproj", "{E557CD0D-600A-4466-AF9F-1E26BC853368}"
EndProject
Project("{FAE04EC0-301F-11D3-BF4B-00C04F79EFBC}") = "Hart.MCP.Web", "src\Hart.MCP.Web\Hart.MCP.Web.csproj", "{E193BB2C-D5BE-48FE-9EFC-4DCFBA50ACA4}"
EndProject
Project("{FAE04EC0-301F-11D3-BF4B-00C04F79EFBC}") = "Hart.MCP.Maui", "src\Hart.MCP.Maui\Hart.MCP.Maui.csproj", "{0D5C8A52-397E-4CE8-83D1-D4EE0EDA0198}"
EndProject
Project("{FAE04EC0-301F-11D3-BF4B-00C04F79EFBC}") = "Hart.MCP.Tests", "src\Hart.MCP.Tests\Hart.MCP.Tests.csproj", "{B471D14F-2A37-47DC-A0DF-7826A87B787B}"
EndProject
Global
	GlobalSection(SolutionConfigurationPlatforms) = preSolution
		Debug|Any CPU = Debug|Any CPU
		Debug|x64 = Debug|x64
		Debug|x86 = Debug|x86
		Release|Any CPU = Release|Any CPU
		Release|x64 = Release|x64
		Release|x86 = Release|x86
	EndGlobalSection
	GlobalSection(ProjectConfigurationPlatforms) = postSolution
		{1AAA583D-73FC-46E8-A3C9-F2315427751B}.Debug|Any CPU.ActiveCfg = Debug|Any CPU
		{1AAA583D-73FC-46E8-A3C9-F2315427751B}.Debug|Any CPU.Build.0 = Debug|Any CPU
		{1AAA583D-73FC-46E8-A3C9-F2315427751B}.Debug|x64.ActiveCfg = Debug|Any CPU
		{1AAA583D-73FC-46E8-A3C9-F2315427751B}.Debug|x64.Build.0 = Debug|Any CPU
		{1AAA583D-73FC-46E8-A3C9-F2315427751B}.Debug|x86.ActiveCfg = Debug|Any CPU
		{1AAA583D-73FC-46E8-A3C9-F2315427751B}.Debug|x86.Build.0 = Debug|Any CPU
		{1AAA583D-73FC-46E8-A3C9-F2315427751B}.Release|Any CPU.ActiveCfg = Release|Any CPU
		{1AAA583D-73FC-46E8-A3C9-F2315427751B}.Release|Any CPU.Build.0 = Release|Any CPU
		{1AAA583D-73FC-46E8-A3C9-F2315427751B}.Release|x64.ActiveCfg = Release|Any CPU
		{1AAA583D-73FC-46E8-A3C9-F2315427751B}.Release|x64.Build.0 = Release|Any CPU
		{1AAA583D-73FC-46E8-A3C9-F2315427751B}.Release|x86.ActiveCfg = Release|Any CPU
		{1AAA583D-73FC-46E8-A3C9-F2315427751B}.Release|x86.Build.0 = Release|Any CPU
		{687EC4A6-1C1E-46D9-AF8D-2D8821BEB68D}.Debug|Any CPU.ActiveCfg = Debug|Any CPU
		{687EC4A6-1C1E-46D9-AF8D-2D8821BEB68D}.Debug|Any CPU.Build.0 = Debug|Any CPU
		{687EC4A6-1C1E-46D9-AF8D-2D8821BEB68D}.Debug|x64.ActiveCfg = Debug|Any CPU
		{687EC4A6-1C1E-46D9-AF8D-2D8821BEB68D}.Debug|x64.Build.0 = Debug|Any CPU
		{687EC4A6-1C1E-46D9-AF8D-2D8821BEB68D}.Debug|x86.ActiveCfg = Debug|Any CPU
		{687EC4A6-1C1E-46D9-AF8D-2D8821BEB68D}.Debug|x86.Build.0 = Debug|Any CPU
		{687EC4A6-1C1E-46D9-AF8D-2D8821BEB68D}.Release|Any CPU.ActiveCfg = Release|Any CPU
		{687EC4A6-1C1E-46D9-AF8D-2D8821BEB68D}.Release|Any CPU.Build.0 = Release|Any CPU
		{687EC4A6-1C1E-46D9-AF8D-2D8821BEB68D}.Release|x64.ActiveCfg = Release|Any CPU
		{687EC4A6-1C1E-46D9-AF8D-2D8821BEB68D}.Release|x64.Build.0 = Release|Any CPU
		{687EC4A6-1C1E-46D9-AF8D-2D8821BEB68D}.Release|x86.ActiveCfg = Release|Any CPU
		{687EC4A6-1C1E-46D9-AF8D-2D8821BEB68D}.Release|x86.Build.0 = Release|Any CPU
		{E557CD0D-600A-4466-AF9F-1E26BC853368}.Debug|Any CPU.ActiveCfg = Debug|Any CPU
		{E557CD0D-600A-4466-AF9F-1E26BC853368}.Debug|Any CPU.Build.0 = Debug|Any CPU
		{E557CD0D-600A-4466-AF9F-1E26BC853368}.Debug|x64.ActiveCfg = Debug|Any CPU
		{E557CD0D-600A-4466-AF9F-1E26BC853368}.Debug|x64.Build.0 = Debug|Any CPU
		{E557CD0D-600A-4466-AF9F-1E26BC853368}.Debug|x86.ActiveCfg = Debug|Any CPU
		{E557CD0D-600A-4466-AF9F-1E26BC853368}.Debug|x86.Build.0 = Debug|Any CPU
		{E557CD0D-600A-4466-AF9F-1E26BC853368}.Release|Any CPU.ActiveCfg = Release|Any CPU
		{E557CD0D-600A-4466-AF9F-1E26BC853368}.Release|Any CPU.Build.0 = Release|Any CPU
		{E557CD0D-600A-4466-AF9F-1E26BC853368}.Release|x64.ActiveCfg = Release|Any CPU
		{E557CD0D-600A-4466-AF9F-1E26BC853368}.Release|x64.Build.0 = Release|Any CPU
		{E557CD0D-600A-4466-AF9F-1E26BC853368}.Release|x86.ActiveCfg = Release|Any CPU
		{E557CD0D-600A-4466-AF9F-1E26BC853368}.Release|x86.Build.0 = Release|Any CPU
		{E193BB2C-D5BE-48FE-9EFC-4DCFBA50ACA4}.Debug|Any CPU.ActiveCfg = Debug|Any CPU
		{E193BB2C-D5BE-48FE-9EFC-4DCFBA50ACA4}.Debug|Any CPU.Build.0 = Debug|Any CPU
		{E193BB2C-D5BE-48FE-9EFC-4DCFBA50ACA4}.Debug|x64.ActiveCfg = Debug|Any CPU
		{E193BB2C-D5BE-48FE-9EFC-4DCFBA50ACA4}.Debug|x64.Build.0 = Debug|Any CPU
		{E193BB2C-D5BE-48FE-9EFC-4DCFBA50ACA4}.Debug|x86.ActiveCfg = Debug|Any CPU
		{E193BB2C-D5BE-48FE-9EFC-4DCFBA50ACA4}.Debug|x86.Build.0 = Debug|Any CPU
		{E193BB2C-D5BE-48FE-9EFC-4DCFBA50ACA4}.Release|Any CPU.ActiveCfg = Release|Any CPU
		{E193BB2C-D5BE-48FE-9EFC-4DCFBA50ACA4}.Release|Any CPU.Build.0 = Release|Any CPU
		{E193BB2C-D5BE-48FE-9EFC-4DCFBA50ACA4}.Release|x64.ActiveCfg = Release|Any CPU
		{E193BB2C-D5BE-48FE-9EFC-4DCFBA50ACA4}.Release|x64.Build.0 = Release|Any CPU
		{E193BB2C-D5BE-48FE-9EFC-4DCFBA50ACA4}.Release|x86.ActiveCfg = Release|Any CPU
		{E193BB2C-D5BE-48FE-9EFC-4DCFBA50ACA4}.Release|x86.Build.0 = Release|Any CPU
		{0D5C8A52-397E-4CE8-83D1-D4EE0EDA0198}.Debug|Any CPU.ActiveCfg = Debug|Any CPU
		{0D5C8A52-397E-4CE8-83D1-D4EE0EDA0198}.Debug|Any CPU.Build.0 = Debug|Any CPU
		{0D5C8A52-397E-4CE8-83D1-D4EE0EDA0198}.Debug|x64.ActiveCfg = Debug|Any CPU
		{0D5C8A52-397E-4CE8-83D1-D4EE0EDA0198}.Debug|x64.Build.0 = Debug|Any CPU
		{0D5C8A52-397E-4CE8-83D1-D4EE0EDA0198}.Debug|x86.ActiveCfg = Debug|Any CPU
		{0D5C8A52-397E-4CE8-83D1-D4EE0EDA0198}.Debug|x86.Build.0 = Debug|Any CPU
		{0D5C8A52-397E-4CE8-83D1-D4EE0EDA0198}.Release|Any CPU.ActiveCfg = Release|Any CPU
		{0D5C8A52-397E-4CE8-83D1-D4EE0EDA0198}.Release|Any CPU.Build.0 = Release|Any CPU
		{0D5C8A52-397E-4CE8-83D1-D4EE0EDA0198}.Release|x64.ActiveCfg = Release|Any CPU
		{0D5C8A52-397E-4CE8-83D1-D4EE0EDA0198}.Release|x64.Build.0 = Release|Any CPU
		{0D5C8A52-397E-4CE8-83D1-D4EE0EDA0198}.Release|x86.ActiveCfg = Release|Any CPU
		{0D5C8A52-397E-4CE8-83D1-D4EE0EDA0198}.Release|x86.Build.0 = Release|Any CPU
		{B471D14F-2A37-47DC-A0DF-7826A87B787B}.Debug|Any CPU.ActiveCfg = Debug|Any CPU
		{B471D14F-2A37-47DC-A0DF-7826A87B787B}.Debug|Any CPU.Build.0 = Debug|Any CPU
		{B471D14F-2A37-47DC-A0DF-7826A87B787B}.Debug|x64.ActiveCfg = Debug|Any CPU
		{B471D14F-2A37-47DC-A0DF-7826A87B787B}.Debug|x64.Build.0 = Debug|Any CPU
		{B471D14F-2A37-47DC-A0DF-7826A87B787B}.Debug|x86.ActiveCfg = Debug|Any CPU
		{B471D14F-2A37-47DC-A0DF-7826A87B787B}.Debug|x86.Build.0 = Debug|Any CPU
		{B471D14F-2A37-47DC-A0DF-7826A87B787B}.Release|Any CPU.ActiveCfg = Release|Any CPU
		{B471D14F-2A37-47DC-A0DF-7826A87B787B}.Release|Any CPU.Build.0 = Release|Any CPU
		{B471D14F-2A37-47DC-A0DF-7826A87B787B}.Release|x64.ActiveCfg = Release|Any CPU
		{B471D14F-2A37-47DC-A0DF-7826A87B787B}.Release|x64.Build.0 = Release|Any CPU
		{B471D14F-2A37-47DC-A0DF-7826A87B787B}.Release|x86.ActiveCfg = Release|Any CPU
		{B471D14F-2A37-47DC-A0DF-7826A87B787B}.Release|x86.Build.0 = Release|Any CPU
	EndGlobalSection
	GlobalSection(SolutionProperties) = preSolution
		HideSolutionNode = FALSE
	EndGlobalSection
	GlobalSection(NestedProjects) = preSolution
		{1AAA583D-73FC-46E8-A3C9-F2315427751B} = {827E0CD3-B72D-47B6-A68D-7590B98EB39B}
		{687EC4A6-1C1E-46D9-AF8D-2D8821BEB68D} = {827E0CD3-B72D-47B6-A68D-7590B98EB39B}
		{E557CD0D-600A-4466-AF9F-1E26BC853368} = {827E0CD3-B72D-47B6-A68D-7590B98EB39B}
		{E193BB2C-D5BE-48FE-9EFC-4DCFBA50ACA4} = {827E0CD3-B72D-47B6-A68D-7590B98EB39B}
		{0D5C8A52-397E-4CE8-83D1-D4EE0EDA0198} = {827E0CD3-B72D-47B6-A68D-7590B98EB39B}
		{B471D14F-2A37-47DC-A0DF-7826A87B787B} = {827E0CD3-B72D-47B6-A68D-7590B98EB39B}
	EndGlobalSection
EndGlobal
